# This file is autogenerated, do not edit; changes may be undone by the next 'dep ensure'.


[[projects]]
  branch = "master"
  digest = "1:e189a74ad21c3d1e10630172d9468f3f641414725a50326045ca360d71e753a6"
  name = "github.com/getlantern/context"
  packages = ["."]
  pruneopts = "UT"
  revision = "c447772a6520c1a3ae6294a7df725ee08230f14e"

[[projects]]
  branch = "master"
  digest = "1:754e0e024892bc771720c72116ff521fe02bfddcca91c69cc2ff08a25aeb62f3"
  name = "github.com/getlantern/errors"
  packages = ["."]
  pruneopts = "UT"
  revision = "abdb3e3e36f7e64b4bfbe96e860db91e7534aa6e"

[[projects]]
  branch = "master"
  digest = "1:128515bf48085482f3b1269701a0be1b119087447d8f666a27211bdacf0b5dc9"
  name = "github.com/getlantern/golog"
  packages = ["."]
  pruneopts = "UT"
  revision = "cca714f7feb5df8e455f409b549d384441ac4578"

[[projects]]
  branch = "master"
  digest = "1:ef7d3553cc70a0406baf828fe62f741777135d1248e7cd96a26f743aa11e6565"
  name = "github.com/getlantern/hex"
  packages = ["."]
  pruneopts = "UT"
  revision = "c6586a6fe0b7c95eef767657ab1031cbcfc7af66"

[[projects]]
  branch = "master"
  digest = "1:f65fd0ed3e1794ab0a5cf824c0e498b954e0a5311ce486d8f177cc65d4a60356"
  name = "github.com/getlantern/hidden"
  packages = ["."]
  pruneopts = "UT"
  revision = "f02dbb02be5552811eec1040d7906424c52ae539"

[[projects]]
  branch = "master"
  digest = "1:e90f0d30bdecee063f54137a1c3267b9f65bb5432da2f90efde981f935812d37"
  name = "github.com/getlantern/ops"
  packages = ["."]
  pruneopts = "UT"
  revision = "d70cb0d6f85f5066bcf4d693721f382e075b9366"

[[projects]]
  branch = "master"
  digest = "1:a58e8c2f1929eaddaefb73a55f0525999e4533aba354d5feb6d80a9f2fef9596"
  name = "github.com/getlantern/systray"
  packages = ["."]
  pruneopts = "UT"
  revision = "26d5b920200dbc1869c4bfde4571497082f83caa"

[[projects]]
  digest = "1:586ea76dbd0374d6fb649a91d70d652b7fe0ccffb8910a77468e7702e7901f3d"
  name = "github.com/go-stack/stack"
  packages = ["."]
  pruneopts = "UT"
  revision = "2fee6af1a9795aafbe0253a0cfbdf668e1fb8a9a"
  version = "v1.8.0"

[[projects]]
  branch = "master"
  digest = "1:8ad686b49b509bf03549281c04b5fe11f609e9b12bf34a0690acad8cecc94f15"
  name = "github.com/oxtoacart/bpool"
  packages = ["."]
  pruneopts = "UT"
  revision = "03653db5a59cd88b481403d312d7c324b56af377"

[[projects]]
  branch = "master"
  digest = "1:b2ade37a467cf348b5fb7da0bf99f00481dd350422799bbfbacfbb4350ac7053"
  name = "golang.org/x/sys"
  packages = ["windows"]
  pruneopts = "UT"
  revision = "93c9922d18aeb82498a065f07aec7ad7fa60dfb7"

[solve-meta]
  analyzer-name = "dep"
  analyzer-version = 1
  input-imports = ["github.com/getlantern/systray"]
  solver-name = "gps-cdcl"
  solver-version = 1
